// !$*UTF8*$!
{
	archiveVersion = 1;
	classes = {
	};
	objectVersion = 46;
	objects = {

/* Begin PBXBuildFile section */
		254A9969171B2567003CACF7 /* Reachability.m in Sources */ = {isa = PBXBuildFile; fileRef = 254A9968171B2567003CACF7 /* Reachability.m */; };
		254A996B171B2C91003CACF7 /* SystemConfiguration.framework in Frameworks */ = {isa = PBXBuildFile; fileRef = 254A996A171B2C91003CACF7 /* SystemConfiguration.framework */; };
		258533C21719BB1700CC9C77 /* out.xml in Resources */ = {isa = PBXBuildFile; fileRef = 258533C11719BB1600CC9C77 /* out.xml */; };
		258533C51719D6C600CC9C77 /* Cell.m in Sources */ = {isa = PBXBuildFile; fileRef = 258533C41719D6C600CC9C77 /* Cell.m */; };
		258533C81719EA1000CC9C77 /* RateView.m in Sources */ = {isa = PBXBuildFile; fileRef = 258533C71719EA1000CC9C77 /* RateView.m */; };
		258533CB1719F97C00CC9C77 /* RateViewController.m in Sources */ = {isa = PBXBuildFile; fileRef = 258533CA1719F97C00CC9C77 /* RateViewController.m */; };
		3F17F55216F7657100D60A03 /* DayManager.m in Sources */ = {isa = PBXBuildFile; fileRef = 3F17F55116F7657100D60A03 /* DayManager.m */; };
		3F17F56316F76B3D00D60A03 /* DDXMLElementAdditions.m in Sources */ = {isa = PBXBuildFile; fileRef = 3F17F55616F76B3D00D60A03 /* DDXMLElementAdditions.m */; };
		3F17F56416F76B3D00D60A03 /* NSString+DDXML.m in Sources */ = {isa = PBXBuildFile; fileRef = 3F17F55916F76B3D00D60A03 /* NSString+DDXML.m */; };
		3F17F56516F76B3D00D60A03 /* DDXMLDocument.m in Sources */ = {isa = PBXBuildFile; fileRef = 3F17F55C16F76B3D00D60A03 /* DDXMLDocument.m */; };
		3F17F56616F76B3D00D60A03 /* DDXMLElement.m in Sources */ = {isa = PBXBuildFile; fileRef = 3F17F55E16F76B3D00D60A03 /* DDXMLElement.m */; };
		3F17F56716F76B3D00D60A03 /* DDXMLNode.m in Sources */ = {isa = PBXBuildFile; fileRef = 3F17F56016F76B3D00D60A03 /* DDXMLNode.m */; };
		3F17F56916F76B8B00D60A03 /* foodlist.xml in Resources */ = {isa = PBXBuildFile; fileRef = 3F17F56816F76B8B00D60A03 /* foodlist.xml */; };
		3F2204B4171D6910008AD51B /* LoginViewController.m in Sources */ = {isa = PBXBuildFile; fileRef = 3F2204B3171D6910008AD51B /* LoginViewController.m */; };
		3F631EAF171C354F003F9F4A /* NSData+Additions.m in Sources */ = {isa = PBXBuildFile; fileRef = 3F631EAE171C354F003F9F4A /* NSData+Additions.m */; };
		3FEC1BFE16F75770002DA1F6 /* UIKit.framework in Frameworks */ = {isa = PBXBuildFile; fileRef = 3FEC1BFD16F75770002DA1F6 /* UIKit.framework */; };
		3FEC1C0016F75770002DA1F6 /* Foundation.framework in Frameworks */ = {isa = PBXBuildFile; fileRef = 3FEC1BFF16F75770002DA1F6 /* Foundation.framework */; };
		3FEC1C0216F75770002DA1F6 /* CoreGraphics.framework in Frameworks */ = {isa = PBXBuildFile; fileRef = 3FEC1C0116F75770002DA1F6 /* CoreGraphics.framework */; };
		3FEC1C0816F75770002DA1F6 /* InfoPlist.strings in Resources */ = {isa = PBXBuildFile; fileRef = 3FEC1C0616F75770002DA1F6 /* InfoPlist.strings */; };
		3FEC1C0A16F75770002DA1F6 /* main.m in Sources */ = {isa = PBXBuildFile; fileRef = 3FEC1C0916F75770002DA1F6 /* main.m */; };
		3FEC1C0E16F75770002DA1F6 /* AppDelegate.m in Sources */ = {isa = PBXBuildFile; fileRef = 3FEC1C0D16F75770002DA1F6 /* AppDelegate.m */; };
		3FEC1C7016F75B4A002DA1F6 /* ViewController.m in Sources */ = {isa = PBXBuildFile; fileRef = 3FEC1C6F16F75B4A002DA1F6 /* ViewController.m */; };
		3FEC1C7316F75D37002DA1F6 /* Food.m in Sources */ = {isa = PBXBuildFile; fileRef = 3FEC1C7216F75D37002DA1F6 /* Food.m */; };
		3FEC1C7516F75E43002DA1F6 /* libxml2.dylib in Frameworks */ = {isa = PBXBuildFile; fileRef = 3FEC1C7416F75E43002DA1F6 /* libxml2.dylib */; };
		3FEC1C7816F75E8A002DA1F6 /* Day.m in Sources */ = {isa = PBXBuildFile; fileRef = 3FEC1C7716F75E8A002DA1F6 /* Day.m */; };
		90038E0017E1C9AC0007C5B0 /* arrow.png in Resources */ = {isa = PBXBuildFile; fileRef = 90038DFE17E1C9AC0007C5B0 /* arrow.png */; };
		90038E0117E1C9AC0007C5B0 /* arrow@2x.png in Resources */ = {isa = PBXBuildFile; fileRef = 90038DFF17E1C9AC0007C5B0 /* arrow@2x.png */; };
		9018F23317CBE147009D89EB /* info-icon2.png in Resources */ = {isa = PBXBuildFile; fileRef = 9018F23117CBE147009D89EB /* info-icon2.png */; };
		9018F23417CBE147009D89EB /* info-icon2@2x.png in Resources */ = {isa = PBXBuildFile; fileRef = 9018F23217CBE147009D89EB /* info-icon2@2x.png */; };
		90384C8D17E1A67000B52DB8 /* Default-Portrait@2x~ipad.png in Resources */ = {isa = PBXBuildFile; fileRef = 90384C8817E1A67000B52DB8 /* Default-Portrait@2x~ipad.png */; };
		90384C8E17E1A67000B52DB8 /* Default~iphone.png in Resources */ = {isa = PBXBuildFile; fileRef = 90384C8917E1A67000B52DB8 /* Default~iphone.png */; };
		90384C8F17E1A67000B52DB8 /* Default-568h@2x.png in Resources */ = {isa = PBXBuildFile; fileRef = 90384C8A17E1A67000B52DB8 /* Default-568h@2x.png */; };
		90384C9017E1A67000B52DB8 /* Default~ipad.png in Resources */ = {isa = PBXBuildFile; fileRef = 90384C8B17E1A67000B52DB8 /* Default~ipad.png */; };
		90384C9117E1A67000B52DB8 /* Default.png in Resources */ = {isa = PBXBuildFile; fileRef = 90384C8C17E1A67000B52DB8 /* Default.png */; };
		90384CA117E1A69900B52DB8 /* icon-29.png in Resources */ = {isa = PBXBuildFile; fileRef = 90384C9217E1A69900B52DB8 /* icon-29.png */; };
		90384CA217E1A69900B52DB8 /* icon-48.png in Resources */ = {isa = PBXBuildFile; fileRef = 90384C9317E1A69900B52DB8 /* icon-48.png */; };
		90384CA317E1A69900B52DB8 /* icon-50.png in Resources */ = {isa = PBXBuildFile; fileRef = 90384C9417E1A69900B52DB8 /* icon-50.png */; };
		90384CA417E1A69900B52DB8 /* icon-57.png in Resources */ = {isa = PBXBuildFile; fileRef = 90384C9517E1A69900B52DB8 /* icon-57.png */; };
		90384CA517E1A69900B52DB8 /* icon-58.png in Resources */ = {isa = PBXBuildFile; fileRef = 90384C9617E1A69900B52DB8 /* icon-58.png */; };
		90384CA617E1A69900B52DB8 /* icon-60.png in Resources */ = {isa = PBXBuildFile; fileRef = 90384C9717E1A69900B52DB8 /* icon-60.png */; };
		90384CA717E1A69900B52DB8 /* icon-72.png in Resources */ = {isa = PBXBuildFile; fileRef = 90384C9817E1A69900B52DB8 /* icon-72.png */; };
		90384CA817E1A69900B52DB8 /* icon-76.png in Resources */ = {isa = PBXBuildFile; fileRef = 90384C9917E1A69900B52DB8 /* icon-76.png */; };
		90384CA917E1A69900B52DB8 /* icon-96.png in Resources */ = {isa = PBXBuildFile; fileRef = 90384C9A17E1A69900B52DB8 /* icon-96.png */; };
		90384CAA17E1A69900B52DB8 /* icon-100.png in Resources */ = {isa = PBXBuildFile; fileRef = 90384C9B17E1A69900B52DB8 /* icon-100.png */; };
		90384CAB17E1A69900B52DB8 /* icon-114.png in Resources */ = {isa = PBXBuildFile; fileRef = 90384C9C17E1A69900B52DB8 /* icon-114.png */; };
		90384CAC17E1A69900B52DB8 /* icon-120.png in Resources */ = {isa = PBXBuildFile; fileRef = 90384C9D17E1A69900B52DB8 /* icon-120.png */; };
		90384CAD17E1A69900B52DB8 /* icon-144.png in Resources */ = {isa = PBXBuildFile; fileRef = 90384C9E17E1A69900B52DB8 /* icon-144.png */; };
		90384CAE17E1A69900B52DB8 /* icon-152.png in Resources */ = {isa = PBXBuildFile; fileRef = 90384C9F17E1A69900B52DB8 /* icon-152.png */; };
		90384CAF17E1A69900B52DB8 /* icon-256.png in Resources */ = {isa = PBXBuildFile; fileRef = 90384CA017E1A69900B52DB8 /* icon-256.png */; };
		90583D2B17ECD4110099F741 /* DDXMLElement+StringExtension.m in Sources */ = {isa = PBXBuildFile; fileRef = 90583D2A17ECD4110099F741 /* DDXMLElement+StringExtension.m */; };
		908C5B5117ECF232001EAF3D /* rateBar.m in Sources */ = {isa = PBXBuildFile; fileRef = 908C5B5017ECF232001EAF3D /* rateBar.m */; };
		908C5B5E17ECFD6D001EAF3D /* rate_bar0@2x~ipad.png in Resources */ = {isa = PBXBuildFile; fileRef = 908C5B5217ECFD6D001EAF3D /* rate_bar0@2x~ipad.png */; };
		908C5B5F17ECFD6D001EAF3D /* rate_bar0~ipad.png in Resources */ = {isa = PBXBuildFile; fileRef = 908C5B5317ECFD6D001EAF3D /* rate_bar0~ipad.png */; };
		908C5B6017ECFD6D001EAF3D /* rate_bar1@2x~ipad.png in Resources */ = {isa = PBXBuildFile; fileRef = 908C5B5417ECFD6D001EAF3D /* rate_bar1@2x~ipad.png */; };
		908C5B6117ECFD6D001EAF3D /* rate_bar1~ipad.png in Resources */ = {isa = PBXBuildFile; fileRef = 908C5B5517ECFD6D001EAF3D /* rate_bar1~ipad.png */; };
		908C5B6217ECFD6D001EAF3D /* rate_bar2@2x~ipad.png in Resources */ = {isa = PBXBuildFile; fileRef = 908C5B5617ECFD6D001EAF3D /* rate_bar2@2x~ipad.png */; };
		908C5B6317ECFD6D001EAF3D /* rate_bar2~ipad.png in Resources */ = {isa = PBXBuildFile; fileRef = 908C5B5717ECFD6D001EAF3D /* rate_bar2~ipad.png */; };
		908C5B6417ECFD6D001EAF3D /* rate_bar3@2x~ipad.png in Resources */ = {isa = PBXBuildFile; fileRef = 908C5B5817ECFD6D001EAF3D /* rate_bar3@2x~ipad.png */; };
		908C5B6517ECFD6D001EAF3D /* rate_bar3~ipad.png in Resources */ = {isa = PBXBuildFile; fileRef = 908C5B5917ECFD6D001EAF3D /* rate_bar3~ipad.png */; };
		908C5B6617ECFD6D001EAF3D /* rate_bar4@2x~ipad.png in Resources */ = {isa = PBXBuildFile; fileRef = 908C5B5A17ECFD6D001EAF3D /* rate_bar4@2x~ipad.png */; };
		908C5B6717ECFD6D001EAF3D /* rate_bar4~ipad.png in Resources */ = {isa = PBXBuildFile; fileRef = 908C5B5B17ECFD6D001EAF3D /* rate_bar4~ipad.png */; };
		908C5B6817ECFD6D001EAF3D /* rate_bar5@2x~ipad.png in Resources */ = {isa = PBXBuildFile; fileRef = 908C5B5C17ECFD6D001EAF3D /* rate_bar5@2x~ipad.png */; };
		908C5B6917ECFD6D001EAF3D /* rate_bar5~ipad.png in Resources */ = {isa = PBXBuildFile; fileRef = 908C5B5D17ECFD6D001EAF3D /* rate_bar5~ipad.png */; };
		909351CC173F78350064E7B1 /* hvezdy_empty@2x~ipad.png in Resources */ = {isa = PBXBuildFile; fileRef = 909351C5173F78350064E7B1 /* hvezdy_empty@2x~ipad.png */; };
		909351CD173F78350064E7B1 /* hvezdy_empty~ipad.png in Resources */ = {isa = PBXBuildFile; fileRef = 909351C6173F78350064E7B1 /* hvezdy_empty~ipad.png */; };
		909351CE173F78350064E7B1 /* hvezdy_empty~iphone.png in Resources */ = {isa = PBXBuildFile; fileRef = 909351C7173F78350064E7B1 /* hvezdy_empty~iphone.png */; };
		909351CF173F78350064E7B1 /* hvezdy_full@2x~ipad.png in Resources */ = {isa = PBXBuildFile; fileRef = 909351C8173F78350064E7B1 /* hvezdy_full@2x~ipad.png */; };
		909351D0173F78350064E7B1 /* hvezdy_full~ipad.png in Resources */ = {isa = PBXBuildFile; fileRef = 909351C9173F78350064E7B1 /* hvezdy_full~ipad.png */; };
		909351D1173F78350064E7B1 /* hvezdy_full~iphone.png in Resources */ = {isa = PBXBuildFile; fileRef = 909351CA173F78350064E7B1 /* hvezdy_full~iphone.png */; };
		909351D5173F7BCA0064E7B1 /* hvezdy_empty@2x~iphone.png in Resources */ = {isa = PBXBuildFile; fileRef = 909351D3173F7BCA0064E7B1 /* hvezdy_empty@2x~iphone.png */; };
		909351D6173F7BCA0064E7B1 /* hvezdy_full@2x~iphone.png in Resources */ = {isa = PBXBuildFile; fileRef = 909351D4173F7BCA0064E7B1 /* hvezdy_full@2x~iphone.png */; };
		909351DD173F7E4F0064E7B1 /* hvezdy_half@2x~ipad.png in Resources */ = {isa = PBXBuildFile; fileRef = 909351D9173F7E4F0064E7B1 /* hvezdy_half@2x~ipad.png */; };
		909351DE173F7E4F0064E7B1 /* hvezdy_half@2x~iphone.png in Resources */ = {isa = PBXBuildFile; fileRef = 909351DA173F7E4F0064E7B1 /* hvezdy_half@2x~iphone.png */; };
		909351DF173F7E4F0064E7B1 /* hvezdy_half~ipad.png in Resources */ = {isa = PBXBuildFile; fileRef = 909351DB173F7E4F0064E7B1 /* hvezdy_half~ipad.png */; };
		909351E0173F7E4F0064E7B1 /* hvezdy_half~iphone.png in Resources */ = {isa = PBXBuildFile; fileRef = 909351DC173F7E4F0064E7B1 /* hvezdy_half~iphone.png */; };
		9093522A174010870064E7B1 /* CCPicker.m in Sources */ = {isa = PBXBuildFile; fileRef = 90935227174010870064E7B1 /* CCPicker.m */; };
		9093522B174010870064E7B1 /* CCScrollViewPicker.m in Sources */ = {isa = PBXBuildFile; fileRef = 90935229174010870064E7B1 /* CCScrollViewPicker.m */; };
		90FC33E4177EDB38008334D4 /* MainStoryboard_iPad.storyboard in Resources */ = {isa = PBXBuildFile; fileRef = 90FC33E2177EDB38008334D4 /* MainStoryboard_iPad.storyboard */; };
		90FC33E7177EE3B1008334D4 /* MainStoryboard_iPhone.storyboard in Resources */ = {isa = PBXBuildFile; fileRef = 90FC33E5177EE3B1008334D4 /* MainStoryboard_iPhone.storyboard */; };
/* End PBXBuildFile section */

/* Begin PBXFileReference section */
		254A9967171B2567003CACF7 /* Reachability.h */ = {isa = PBXFileReference; fileEncoding = 4; lastKnownFileType = sourcecode.c.h; path = Reachability.h; sourceTree = "<group>"; };
		254A9968171B2567003CACF7 /* Reachability.m */ = {isa = PBXFileReference; fileEncoding = 4; lastKnownFileType = sourcecode.c.objc; path = Reachability.m; sourceTree = "<group>"; };
		254A996A171B2C91003CACF7 /* SystemConfiguration.framework */ = {isa = PBXFileReference; lastKnownFileType = wrapper.framework; name = SystemConfiguration.framework; path = System/Library/Frameworks/SystemConfiguration.framework; sourceTree = SDKROOT; };
		258533C11719BB1600CC9C77 /* out.xml */ = {isa = PBXFileReference; fileEncoding = 4; lastKnownFileType = text.xml; path = out.xml; sourceTree = "<group>"; };
		258533C31719D6C600CC9C77 /* Cell.h */ = {isa = PBXFileReference; fileEncoding = 4; lastKnownFileType = sourcecode.c.h; path = Cell.h; sourceTree = "<group>"; };
		258533C41719D6C600CC9C77 /* Cell.m */ = {isa = PBXFileReference; fileEncoding = 4; lastKnownFileType = sourcecode.c.objc; path = Cell.m; sourceTree = "<group>"; };
		258533C61719EA1000CC9C77 /* RateView.h */ = {isa = PBXFileReference; fileEncoding = 4; lastKnownFileType = sourcecode.c.h; path = RateView.h; sourceTree = "<group>"; };
		258533C71719EA1000CC9C77 /* RateView.m */ = {isa = PBXFileReference; fileEncoding = 4; lastKnownFileType = sourcecode.c.objc; path = RateView.m; sourceTree = "<group>"; };
		258533C91719F97B00CC9C77 /* RateViewController.h */ = {isa = PBXFileReference; fileEncoding = 4; lastKnownFileType = sourcecode.c.h; path = RateViewController.h; sourceTree = "<group>"; };
		258533CA1719F97C00CC9C77 /* RateViewController.m */ = {isa = PBXFileReference; fileEncoding = 4; lastKnownFileType = sourcecode.c.objc; path = RateViewController.m; sourceTree = "<group>"; };
		3F17F55016F7657100D60A03 /* DayManager.h */ = {isa = PBXFileReference; fileEncoding = 4; lastKnownFileType = sourcecode.c.h; path = DayManager.h; sourceTree = "<group>"; };
		3F17F55116F7657100D60A03 /* DayManager.m */ = {isa = PBXFileReference; fileEncoding = 4; lastKnownFileType = sourcecode.c.objc; path = DayManager.m; sourceTree = "<group>"; };
		3F17F55516F76B3D00D60A03 /* DDXMLElementAdditions.h */ = {isa = PBXFileReference; fileEncoding = 4; lastKnownFileType = sourcecode.c.h; path = DDXMLElementAdditions.h; sourceTree = "<group>"; };
		3F17F55616F76B3D00D60A03 /* DDXMLElementAdditions.m */ = {isa = PBXFileReference; fileEncoding = 4; lastKnownFileType = sourcecode.c.objc; path = DDXMLElementAdditions.m; sourceTree = "<group>"; };
		3F17F55816F76B3D00D60A03 /* NSString+DDXML.h */ = {isa = PBXFileReference; fileEncoding = 4; lastKnownFileType = sourcecode.c.h; path = "NSString+DDXML.h"; sourceTree = "<group>"; };
		3F17F55916F76B3D00D60A03 /* NSString+DDXML.m */ = {isa = PBXFileReference; fileEncoding = 4; lastKnownFileType = sourcecode.c.objc; path = "NSString+DDXML.m"; sourceTree = "<group>"; };
		3F17F55A16F76B3D00D60A03 /* DDXML.h */ = {isa = PBXFileReference; fileEncoding = 4; lastKnownFileType = sourcecode.c.h; path = DDXML.h; sourceTree = "<group>"; };
		3F17F55B16F76B3D00D60A03 /* DDXMLDocument.h */ = {isa = PBXFileReference; fileEncoding = 4; lastKnownFileType = sourcecode.c.h; path = DDXMLDocument.h; sourceTree = "<group>"; };
		3F17F55C16F76B3D00D60A03 /* DDXMLDocument.m */ = {isa = PBXFileReference; fileEncoding = 4; lastKnownFileType = sourcecode.c.objc; path = DDXMLDocument.m; sourceTree = "<group>"; };
		3F17F55D16F76B3D00D60A03 /* DDXMLElement.h */ = {isa = PBXFileReference; fileEncoding = 4; lastKnownFileType = sourcecode.c.h; path = DDXMLElement.h; sourceTree = "<group>"; };
		3F17F55E16F76B3D00D60A03 /* DDXMLElement.m */ = {isa = PBXFileReference; fileEncoding = 4; lastKnownFileType = sourcecode.c.objc; path = DDXMLElement.m; sourceTree = "<group>"; };
		3F17F55F16F76B3D00D60A03 /* DDXMLNode.h */ = {isa = PBXFileReference; fileEncoding = 4; lastKnownFileType = sourcecode.c.h; path = DDXMLNode.h; sourceTree = "<group>"; };
		3F17F56016F76B3D00D60A03 /* DDXMLNode.m */ = {isa = PBXFileReference; fileEncoding = 4; lastKnownFileType = sourcecode.c.objc; path = DDXMLNode.m; sourceTree = "<group>"; };
		3F17F56216F76B3D00D60A03 /* DDXMLPrivate.h */ = {isa = PBXFileReference; fileEncoding = 4; lastKnownFileType = sourcecode.c.h; path = DDXMLPrivate.h; sourceTree = "<group>"; };
		3F17F56816F76B8B00D60A03 /* foodlist.xml */ = {isa = PBXFileReference; fileEncoding = 4; lastKnownFileType = text.xml; path = foodlist.xml; sourceTree = "<group>"; };
		3F2204B2171D6910008AD51B /* LoginViewController.h */ = {isa = PBXFileReference; fileEncoding = 4; lastKnownFileType = sourcecode.c.h; path = LoginViewController.h; sourceTree = "<group>"; };
		3F2204B3171D6910008AD51B /* LoginViewController.m */ = {isa = PBXFileReference; fileEncoding = 4; lastKnownFileType = sourcecode.c.objc; path = LoginViewController.m; sourceTree = "<group>"; };
		3F631EAD171C354F003F9F4A /* NSData+Additions.h */ = {isa = PBXFileReference; fileEncoding = 4; lastKnownFileType = sourcecode.c.h; name = "NSData+Additions.h"; path = "Jidelnicek/NSData+Additions.h"; sourceTree = "<group>"; };
		3F631EAE171C354F003F9F4A /* NSData+Additions.m */ = {isa = PBXFileReference; fileEncoding = 4; lastKnownFileType = sourcecode.c.objc; name = "NSData+Additions.m"; path = "Jidelnicek/NSData+Additions.m"; sourceTree = "<group>"; };
		3FEC1BFA16F75770002DA1F6 /* Jidelnicek.app */ = {isa = PBXFileReference; explicitFileType = wrapper.application; includeInIndex = 0; path = Jidelnicek.app; sourceTree = BUILT_PRODUCTS_DIR; };
		3FEC1BFD16F75770002DA1F6 /* UIKit.framework */ = {isa = PBXFileReference; lastKnownFileType = wrapper.framework; name = UIKit.framework; path = System/Library/Frameworks/UIKit.framework; sourceTree = SDKROOT; };
		3FEC1BFF16F75770002DA1F6 /* Foundation.framework */ = {isa = PBXFileReference; lastKnownFileType = wrapper.framework; name = Foundation.framework; path = System/Library/Frameworks/Foundation.framework; sourceTree = SDKROOT; };
		3FEC1C0116F75770002DA1F6 /* CoreGraphics.framework */ = {isa = PBXFileReference; lastKnownFileType = wrapper.framework; name = CoreGraphics.framework; path = System/Library/Frameworks/CoreGraphics.framework; sourceTree = SDKROOT; };
		3FEC1C0516F75770002DA1F6 /* Jidelnicek-Info.plist */ = {isa = PBXFileReference; lastKnownFileType = text.plist.xml; path = "Jidelnicek-Info.plist"; sourceTree = "<group>"; };
		3FEC1C0716F75770002DA1F6 /* en */ = {isa = PBXFileReference; lastKnownFileType = text.plist.strings; name = en; path = en.lproj/InfoPlist.strings; sourceTree = "<group>"; };
		3FEC1C0916F75770002DA1F6 /* main.m */ = {isa = PBXFileReference; lastKnownFileType = sourcecode.c.objc; path = main.m; sourceTree = "<group>"; };
		3FEC1C0B16F75770002DA1F6 /* Jidelnicek-Prefix.pch */ = {isa = PBXFileReference; lastKnownFileType = sourcecode.c.h; path = "Jidelnicek-Prefix.pch"; sourceTree = "<group>"; };
		3FEC1C0C16F75770002DA1F6 /* AppDelegate.h */ = {isa = PBXFileReference; lastKnownFileType = sourcecode.c.h; path = AppDelegate.h; sourceTree = "<group>"; };
		3FEC1C0D16F75770002DA1F6 /* AppDelegate.m */ = {isa = PBXFileReference; lastKnownFileType = sourcecode.c.objc; path = AppDelegate.m; sourceTree = "<group>"; };
		3FEC1C6E16F75B4A002DA1F6 /* ViewController.h */ = {isa = PBXFileReference; fileEncoding = 4; lastKnownFileType = sourcecode.c.h; path = ViewController.h; sourceTree = "<group>"; };
		3FEC1C6F16F75B4A002DA1F6 /* ViewController.m */ = {isa = PBXFileReference; fileEncoding = 4; lastKnownFileType = sourcecode.c.objc; path = ViewController.m; sourceTree = "<group>"; };
		3FEC1C7116F75D37002DA1F6 /* Food.h */ = {isa = PBXFileReference; fileEncoding = 4; lastKnownFileType = sourcecode.c.h; path = Food.h; sourceTree = "<group>"; };
		3FEC1C7216F75D37002DA1F6 /* Food.m */ = {isa = PBXFileReference; fileEncoding = 4; lastKnownFileType = sourcecode.c.objc; path = Food.m; sourceTree = "<group>"; };
		3FEC1C7416F75E43002DA1F6 /* libxml2.dylib */ = {isa = PBXFileReference; lastKnownFileType = "compiled.mach-o.dylib"; name = libxml2.dylib; path = usr/lib/libxml2.dylib; sourceTree = SDKROOT; };
		3FEC1C7616F75E8A002DA1F6 /* Day.h */ = {isa = PBXFileReference; fileEncoding = 4; lastKnownFileType = sourcecode.c.h; path = Day.h; sourceTree = "<group>"; };
		3FEC1C7716F75E8A002DA1F6 /* Day.m */ = {isa = PBXFileReference; fileEncoding = 4; lastKnownFileType = sourcecode.c.objc; path = Day.m; sourceTree = "<group>"; };
		90038DFE17E1C9AC0007C5B0 /* arrow.png */ = {isa = PBXFileReference; lastKnownFileType = image.png; name = arrow.png; path = "Jidelnicek/Resource/icons/arrow-android/arrow.png"; sourceTree = "<group>"; };
		90038DFF17E1C9AC0007C5B0 /* arrow@2x.png */ = {isa = PBXFileReference; lastKnownFileType = image.png; name = "arrow@2x.png"; path = "Jidelnicek/Resource/icons/arrow-android/arrow@2x.png"; sourceTree = "<group>"; };
		9018F23117CBE147009D89EB /* info-icon2.png */ = {isa = PBXFileReference; lastKnownFileType = image.png; name = "info-icon2.png"; path = "Jidelnicek/Resource/icons/info-icon2.png"; sourceTree = "<group>"; };
		9018F23217CBE147009D89EB /* info-icon2@2x.png */ = {isa = PBXFileReference; lastKnownFileType = image.png; name = "info-icon2@2x.png"; path = "Jidelnicek/Resource/icons/info-icon2@2x.png"; sourceTree = "<group>"; };
		90384C8817E1A67000B52DB8 /* Default-Portrait@2x~ipad.png */ = {isa = PBXFileReference; lastKnownFileType = image.png; name = "Default-Portrait@2x~ipad.png"; path = "Jidelnicek/Resource/lauch_screens/Default-Portrait@2x~ipad.png"; sourceTree = "<group>"; };
		90384C8917E1A67000B52DB8 /* Default~iphone.png */ = {isa = PBXFileReference; lastKnownFileType = image.png; name = "Default~iphone.png"; path = "Jidelnicek/Resource/lauch_screens/Default~iphone.png"; sourceTree = "<group>"; };
		90384C8A17E1A67000B52DB8 /* Default-568h@2x.png */ = {isa = PBXFileReference; lastKnownFileType = image.png; name = "Default-568h@2x.png"; path = "Jidelnicek/Resource/lauch_screens/Default-568h@2x.png"; sourceTree = "<group>"; };
		90384C8B17E1A67000B52DB8 /* Default~ipad.png */ = {isa = PBXFileReference; lastKnownFileType = image.png; name = "Default~ipad.png"; path = "Jidelnicek/Resource/lauch_screens/Default~ipad.png"; sourceTree = "<group>"; };
		90384C8C17E1A67000B52DB8 /* Default.png */ = {isa = PBXFileReference; lastKnownFileType = image.png; name = Default.png; path = Jidelnicek/Resource/lauch_screens/Default.png; sourceTree = "<group>"; };
		90384C9217E1A69900B52DB8 /* icon-29.png */ = {isa = PBXFileReference; lastKnownFileType = image.png; name = "icon-29.png"; path = "Jidelnicek/Resource/icons/icon-29.png"; sourceTree = "<group>"; };
		90384C9317E1A69900B52DB8 /* icon-48.png */ = {isa = PBXFileReference; lastKnownFileType = image.png; name = "icon-48.png"; path = "Jidelnicek/Resource/icons/icon-48.png"; sourceTree = "<group>"; };
		90384C9417E1A69900B52DB8 /* icon-50.png */ = {isa = PBXFileReference; lastKnownFileType = image.png; name = "icon-50.png"; path = "Jidelnicek/Resource/icons/icon-50.png"; sourceTree = "<group>"; };
		90384C9517E1A69900B52DB8 /* icon-57.png */ = {isa = PBXFileReference; lastKnownFileType = image.png; name = "icon-57.png"; path = "Jidelnicek/Resource/icons/icon-57.png"; sourceTree = "<group>"; };
		90384C9617E1A69900B52DB8 /* icon-58.png */ = {isa = PBXFileReference; lastKnownFileType = image.png; name = "icon-58.png"; path = "Jidelnicek/Resource/icons/icon-58.png"; sourceTree = "<group>"; };
		90384C9717E1A69900B52DB8 /* icon-60.png */ = {isa = PBXFileReference; lastKnownFileType = image.png; name = "icon-60.png"; path = "Jidelnicek/Resource/icons/icon-60.png"; sourceTree = "<group>"; };
		90384C9817E1A69900B52DB8 /* icon-72.png */ = {isa = PBXFileReference; lastKnownFileType = image.png; name = "icon-72.png"; path = "Jidelnicek/Resource/icons/icon-72.png"; sourceTree = "<group>"; };
		90384C9917E1A69900B52DB8 /* icon-76.png */ = {isa = PBXFileReference; lastKnownFileType = image.png; name = "icon-76.png"; path = "Jidelnicek/Resource/icons/icon-76.png"; sourceTree = "<group>"; };
		90384C9A17E1A69900B52DB8 /* icon-96.png */ = {isa = PBXFileReference; lastKnownFileType = image.png; name = "icon-96.png"; path = "Jidelnicek/Resource/icons/icon-96.png"; sourceTree = "<group>"; };
		90384C9B17E1A69900B52DB8 /* icon-100.png */ = {isa = PBXFileReference; lastKnownFileType = image.png; name = "icon-100.png"; path = "Jidelnicek/Resource/icons/icon-100.png"; sourceTree = "<group>"; };
		90384C9C17E1A69900B52DB8 /* icon-114.png */ = {isa = PBXFileReference; lastKnownFileType = image.png; name = "icon-114.png"; path = "Jidelnicek/Resource/icons/icon-114.png"; sourceTree = "<group>"; };
		90384C9D17E1A69900B52DB8 /* icon-120.png */ = {isa = PBXFileReference; lastKnownFileType = image.png; name = "icon-120.png"; path = "Jidelnicek/Resource/icons/icon-120.png"; sourceTree = "<group>"; };
		90384C9E17E1A69900B52DB8 /* icon-144.png */ = {isa = PBXFileReference; lastKnownFileType = image.png; name = "icon-144.png"; path = "Jidelnicek/Resource/icons/icon-144.png"; sourceTree = "<group>"; };
		90384C9F17E1A69900B52DB8 /* icon-152.png */ = {isa = PBXFileReference; lastKnownFileType = image.png; name = "icon-152.png"; path = "Jidelnicek/Resource/icons/icon-152.png"; sourceTree = "<group>"; };
		90384CA017E1A69900B52DB8 /* icon-256.png */ = {isa = PBXFileReference; lastKnownFileType = image.png; name = "icon-256.png"; path = "Jidelnicek/Resource/icons/icon-256.png"; sourceTree = "<group>"; };
		90583D2917ECD4110099F741 /* DDXMLElement+StringExtension.h */ = {isa = PBXFileReference; fileEncoding = 4; lastKnownFileType = sourcecode.c.h; name = "DDXMLElement+StringExtension.h"; path = "Jidelnicek/DDXMLElement+StringExtension.h"; sourceTree = "<group>"; };
		90583D2A17ECD4110099F741 /* DDXMLElement+StringExtension.m */ = {isa = PBXFileReference; fileEncoding = 4; lastKnownFileType = sourcecode.c.objc; name = "DDXMLElement+StringExtension.m"; path = "Jidelnicek/DDXMLElement+StringExtension.m"; sourceTree = "<group>"; };
		908C5B4F17ECF232001EAF3D /* rateBar.h */ = {isa = PBXFileReference; fileEncoding = 4; lastKnownFileType = sourcecode.c.h; path = rateBar.h; sourceTree = "<group>"; };
		908C5B5017ECF232001EAF3D /* rateBar.m */ = {isa = PBXFileReference; fileEncoding = 4; lastKnownFileType = sourcecode.c.objc; path = rateBar.m; sourceTree = "<group>"; };
		908C5B5217ECFD6D001EAF3D /* rate_bar0@2x~ipad.png */ = {isa = PBXFileReference; lastKnownFileType = image.png; name = "rate_bar0@2x~ipad.png"; path = "Resource/rate_bar/rate_bar0@2x~ipad.png"; sourceTree = "<group>"; };
		908C5B5317ECFD6D001EAF3D /* rate_bar0~ipad.png */ = {isa = PBXFileReference; lastKnownFileType = image.png; name = "rate_bar0~ipad.png"; path = "Resource/rate_bar/rate_bar0~ipad.png"; sourceTree = "<group>"; };
		908C5B5417ECFD6D001EAF3D /* rate_bar1@2x~ipad.png */ = {isa = PBXFileReference; lastKnownFileType = image.png; name = "rate_bar1@2x~ipad.png"; path = "Resource/rate_bar/rate_bar1@2x~ipad.png"; sourceTree = "<group>"; };
		908C5B5517ECFD6D001EAF3D /* rate_bar1~ipad.png */ = {isa = PBXFileReference; lastKnownFileType = image.png; name = "rate_bar1~ipad.png"; path = "Resource/rate_bar/rate_bar1~ipad.png"; sourceTree = "<group>"; };
		908C5B5617ECFD6D001EAF3D /* rate_bar2@2x~ipad.png */ = {isa = PBXFileReference; lastKnownFileType = image.png; name = "rate_bar2@2x~ipad.png"; path = "Resource/rate_bar/rate_bar2@2x~ipad.png"; sourceTree = "<group>"; };
		908C5B5717ECFD6D001EAF3D /* rate_bar2~ipad.png */ = {isa = PBXFileReference; lastKnownFileType = image.png; name = "rate_bar2~ipad.png"; path = "Resource/rate_bar/rate_bar2~ipad.png"; sourceTree = "<group>"; };
		908C5B5817ECFD6D001EAF3D /* rate_bar3@2x~ipad.png */ = {isa = PBXFileReference; lastKnownFileType = image.png; name = "rate_bar3@2x~ipad.png"; path = "Resource/rate_bar/rate_bar3@2x~ipad.png"; sourceTree = "<group>"; };
		908C5B5917ECFD6D001EAF3D /* rate_bar3~ipad.png */ = {isa = PBXFileReference; lastKnownFileType = image.png; name = "rate_bar3~ipad.png"; path = "Resource/rate_bar/rate_bar3~ipad.png"; sourceTree = "<group>"; };
		908C5B5A17ECFD6D001EAF3D /* rate_bar4@2x~ipad.png */ = {isa = PBXFileReference; lastKnownFileType = image.png; name = "rate_bar4@2x~ipad.png"; path = "Resource/rate_bar/rate_bar4@2x~ipad.png"; sourceTree = "<group>"; };
		908C5B5B17ECFD6D001EAF3D /* rate_bar4~ipad.png */ = {isa = PBXFileReference; lastKnownFileType = image.png; name = "rate_bar4~ipad.png"; path = "Resource/rate_bar/rate_bar4~ipad.png"; sourceTree = "<group>"; };
		908C5B5C17ECFD6D001EAF3D /* rate_bar5@2x~ipad.png */ = {isa = PBXFileReference; lastKnownFileType = image.png; name = "rate_bar5@2x~ipad.png"; path = "Resource/rate_bar/rate_bar5@2x~ipad.png"; sourceTree = "<group>"; };
		908C5B5D17ECFD6D001EAF3D /* rate_bar5~ipad.png */ = {isa = PBXFileReference; lastKnownFileType = image.png; name = "rate_bar5~ipad.png"; path = "Resource/rate_bar/rate_bar5~ipad.png"; sourceTree = "<group>"; };
		909351C5173F78350064E7B1 /* hvezdy_empty@2x~ipad.png */ = {isa = PBXFileReference; lastKnownFileType = image.png; name = "hvezdy_empty@2x~ipad.png"; path = "Resource/hvezdy_empty@2x~ipad.png"; sourceTree = "<group>"; };
		909351C6173F78350064E7B1 /* hvezdy_empty~ipad.png */ = {isa = PBXFileReference; lastKnownFileType = image.png; name = "hvezdy_empty~ipad.png"; path = "Resource/hvezdy_empty~ipad.png"; sourceTree = "<group>"; };
		909351C7173F78350064E7B1 /* hvezdy_empty~iphone.png */ = {isa = PBXFileReference; lastKnownFileType = image.png; name = "hvezdy_empty~iphone.png"; path = "Resource/hvezdy_empty~iphone.png"; sourceTree = "<group>"; };
		909351C8173F78350064E7B1 /* hvezdy_full@2x~ipad.png */ = {isa = PBXFileReference; lastKnownFileType = image.png; name = "hvezdy_full@2x~ipad.png"; path = "Resource/hvezdy_full@2x~ipad.png"; sourceTree = "<group>"; };
		909351C9173F78350064E7B1 /* hvezdy_full~ipad.png */ = {isa = PBXFileReference; lastKnownFileType = image.png; name = "hvezdy_full~ipad.png"; path = "Resource/hvezdy_full~ipad.png"; sourceTree = "<group>"; };
		909351CA173F78350064E7B1 /* hvezdy_full~iphone.png */ = {isa = PBXFileReference; lastKnownFileType = image.png; name = "hvezdy_full~iphone.png"; path = "Resource/hvezdy_full~iphone.png"; sourceTree = "<group>"; };
		909351D3173F7BCA0064E7B1 /* hvezdy_empty@2x~iphone.png */ = {isa = PBXFileReference; lastKnownFileType = image.png; name = "hvezdy_empty@2x~iphone.png"; path = "Resource/hvezdy_empty@2x~iphone.png"; sourceTree = "<group>"; };
		909351D4173F7BCA0064E7B1 /* hvezdy_full@2x~iphone.png */ = {isa = PBXFileReference; lastKnownFileType = image.png; name = "hvezdy_full@2x~iphone.png"; path = "Resource/hvezdy_full@2x~iphone.png"; sourceTree = "<group>"; };
		909351D9173F7E4F0064E7B1 /* hvezdy_half@2x~ipad.png */ = {isa = PBXFileReference; lastKnownFileType = image.png; name = "hvezdy_half@2x~ipad.png"; path = "Resource/hvezdy_half@2x~ipad.png"; sourceTree = "<group>"; };
		909351DA173F7E4F0064E7B1 /* hvezdy_half@2x~iphone.png */ = {isa = PBXFileReference; lastKnownFileType = image.png; name = "hvezdy_half@2x~iphone.png"; path = "Resource/hvezdy_half@2x~iphone.png"; sourceTree = "<group>"; };
		909351DB173F7E4F0064E7B1 /* hvezdy_half~ipad.png */ = {isa = PBXFileReference; lastKnownFileType = image.png; name = "hvezdy_half~ipad.png"; path = "Resource/hvezdy_half~ipad.png"; sourceTree = "<group>"; };
		909351DC173F7E4F0064E7B1 /* hvezdy_half~iphone.png */ = {isa = PBXFileReference; lastKnownFileType = image.png; name = "hvezdy_half~iphone.png"; path = "Resource/hvezdy_half~iphone.png"; sourceTree = "<group>"; };
		90935226174010870064E7B1 /* CCPicker.h */ = {isa = PBXFileReference; fileEncoding = 4; lastKnownFileType = sourcecode.c.h; path = CCPicker.h; sourceTree = "<group>"; };
		90935227174010870064E7B1 /* CCPicker.m */ = {isa = PBXFileReference; fileEncoding = 4; lastKnownFileType = sourcecode.c.objc; path = CCPicker.m; sourceTree = "<group>"; };
		90935228174010870064E7B1 /* CCScrollViewPicker.h */ = {isa = PBXFileReference; fileEncoding = 4; lastKnownFileType = sourcecode.c.h; path = CCScrollViewPicker.h; sourceTree = "<group>"; };
		90935229174010870064E7B1 /* CCScrollViewPicker.m */ = {isa = PBXFileReference; fileEncoding = 4; lastKnownFileType = sourcecode.c.objc; path = CCScrollViewPicker.m; sourceTree = "<group>"; };
		90FC33E3177EDB38008334D4 /* en */ = {isa = PBXFileReference; lastKnownFileType = file.storyboard; name = en; path = en.lproj/MainStoryboard_iPad.storyboard; sourceTree = "<group>"; };
		90FC33E6177EE3B1008334D4 /* en */ = {isa = PBXFileReference; lastKnownFileType = file.storyboard; name = en; path = en.lproj/MainStoryboard_iPhone.storyboard; sourceTree = "<group>"; };
/* End PBXFileReference section */

/* Begin PBXFrameworksBuildPhase section */
		3FEC1BF716F75770002DA1F6 /* Frameworks */ = {
			isa = PBXFrameworksBuildPhase;
			buildActionMask = 2147483647;
			files = (
				254A996B171B2C91003CACF7 /* SystemConfiguration.framework in Frameworks */,
				3FEC1C7516F75E43002DA1F6 /* libxml2.dylib in Frameworks */,
				3FEC1BFE16F75770002DA1F6 /* UIKit.framework in Frameworks */,
				3FEC1C0016F75770002DA1F6 /* Foundation.framework in Frameworks */,
				3FEC1C0216F75770002DA1F6 /* CoreGraphics.framework in Frameworks */,
			);
			runOnlyForDeploymentPostprocessing = 0;
		};
/* End PBXFrameworksBuildPhase section */

/* Begin PBXGroup section */
		3F17F55316F76B3D00D60A03 /* KissXML */ = {
			isa = PBXGroup;
			children = (
				3F17F55416F76B3D00D60A03 /* Additions */,
				3F17F55716F76B3D00D60A03 /* Categories */,
				3F17F55A16F76B3D00D60A03 /* DDXML.h */,
				3F17F55B16F76B3D00D60A03 /* DDXMLDocument.h */,
				3F17F55C16F76B3D00D60A03 /* DDXMLDocument.m */,
				3F17F55D16F76B3D00D60A03 /* DDXMLElement.h */,
				3F17F55E16F76B3D00D60A03 /* DDXMLElement.m */,
				3F17F55F16F76B3D00D60A03 /* DDXMLNode.h */,
				3F17F56016F76B3D00D60A03 /* DDXMLNode.m */,
				3F17F56116F76B3D00D60A03 /* Private */,
			);
			path = KissXML;
			sourceTree = "<group>";
		};
		3F17F55416F76B3D00D60A03 /* Additions */ = {
			isa = PBXGroup;
			children = (
				3F17F55516F76B3D00D60A03 /* DDXMLElementAdditions.h */,
				3F17F55616F76B3D00D60A03 /* DDXMLElementAdditions.m */,
			);
			path = Additions;
			sourceTree = "<group>";
		};
		3F17F55716F76B3D00D60A03 /* Categories */ = {
			isa = PBXGroup;
			children = (
				3F17F55816F76B3D00D60A03 /* NSString+DDXML.h */,
				3F17F55916F76B3D00D60A03 /* NSString+DDXML.m */,
			);
			path = Categories;
			sourceTree = "<group>";
		};
		3F17F56116F76B3D00D60A03 /* Private */ = {
			isa = PBXGroup;
			children = (
				3F17F56216F76B3D00D60A03 /* DDXMLPrivate.h */,
			);
			path = Private;
			sourceTree = "<group>";
		};
		3FEC1BF116F75770002DA1F6 = {
			isa = PBXGroup;
			children = (
				9018F23117CBE147009D89EB /* info-icon2.png */,
				9018F23217CBE147009D89EB /* info-icon2@2x.png */,
				3FEC1C7416F75E43002DA1F6 /* libxml2.dylib */,
				90038DFE17E1C9AC0007C5B0 /* arrow.png */,
				90038DFF17E1C9AC0007C5B0 /* arrow@2x.png */,
				90384CB017E1A6AB00B52DB8 /* Icons */,
				90384CB117E1A6B500B52DB8 /* Lauch screens */,
				3FEC1C0316F75770002DA1F6 /* Jidelnicek */,
				3FEC1BFC16F75770002DA1F6 /* Frameworks */,
				3FEC1BFB16F75770002DA1F6 /* Products */,
			);
			sourceTree = "<group>";
		};
		3FEC1BFB16F75770002DA1F6 /* Products */ = {
			isa = PBXGroup;
			children = (
				3FEC1BFA16F75770002DA1F6 /* Jidelnicek.app */,
			);
			name = Products;
			sourceTree = "<group>";
		};
		3FEC1BFC16F75770002DA1F6 /* Frameworks */ = {
			isa = PBXGroup;
			children = (
				254A996A171B2C91003CACF7 /* SystemConfiguration.framework */,
				3FEC1BFD16F75770002DA1F6 /* UIKit.framework */,
				3FEC1BFF16F75770002DA1F6 /* Foundation.framework */,
				3FEC1C0116F75770002DA1F6 /* CoreGraphics.framework */,
			);
			name = Frameworks;
			sourceTree = "<group>";
		};
		3FEC1C0316F75770002DA1F6 /* Jidelnicek */ = {
			isa = PBXGroup;
			children = (
				90583D2C17ECD41F0099F741 /* Categories */,
				905F0CD9171F4238007F4904 /* img */,
				90935225174010870064E7B1 /* CCPicker */,
				3FEC1C0C16F75770002DA1F6 /* AppDelegate.h */,
				3FEC1C0D16F75770002DA1F6 /* AppDelegate.m */,
				908C5B4F17ECF232001EAF3D /* rateBar.h */,
				908C5B5017ECF232001EAF3D /* rateBar.m */,
				3FEC1C6E16F75B4A002DA1F6 /* ViewController.h */,
				3FEC1C6F16F75B4A002DA1F6 /* ViewController.m */,
				3F2204B2171D6910008AD51B /* LoginViewController.h */,
				3F2204B3171D6910008AD51B /* LoginViewController.m */,
				258533C91719F97B00CC9C77 /* RateViewController.h */,
				258533CA1719F97C00CC9C77 /* RateViewController.m */,
				905F0CDA171F424E007F4904 /* Objects */,
				3F17F55316F76B3D00D60A03 /* KissXML */,
				905F0CDB171F427C007F4904 /* Sample xml */,
				258533C31719D6C600CC9C77 /* Cell.h */,
				258533C41719D6C600CC9C77 /* Cell.m */,
				90FC33E2177EDB38008334D4 /* MainStoryboard_iPad.storyboard */,
				90FC33E5177EE3B1008334D4 /* MainStoryboard_iPhone.storyboard */,
				3FEC1C0416F75770002DA1F6 /* Supporting Files */,
			);
			path = Jidelnicek;
			sourceTree = "<group>";
		};
		3FEC1C0416F75770002DA1F6 /* Supporting Files */ = {
			isa = PBXGroup;
			children = (
				3FEC1C0516F75770002DA1F6 /* Jidelnicek-Info.plist */,
				3FEC1C0616F75770002DA1F6 /* InfoPlist.strings */,
				3FEC1C0916F75770002DA1F6 /* main.m */,
				3FEC1C0B16F75770002DA1F6 /* Jidelnicek-Prefix.pch */,
			);
			name = "Supporting Files";
			sourceTree = "<group>";
		};
		90384CB017E1A6AB00B52DB8 /* Icons */ = {
			isa = PBXGroup;
			children = (
				90384C9217E1A69900B52DB8 /* icon-29.png */,
				90384C9317E1A69900B52DB8 /* icon-48.png */,
				90384C9417E1A69900B52DB8 /* icon-50.png */,
				90384C9517E1A69900B52DB8 /* icon-57.png */,
				90384C9617E1A69900B52DB8 /* icon-58.png */,
				90384C9717E1A69900B52DB8 /* icon-60.png */,
				90384C9817E1A69900B52DB8 /* icon-72.png */,
				90384C9917E1A69900B52DB8 /* icon-76.png */,
				90384C9A17E1A69900B52DB8 /* icon-96.png */,
				90384C9B17E1A69900B52DB8 /* icon-100.png */,
				90384C9C17E1A69900B52DB8 /* icon-114.png */,
				90384C9D17E1A69900B52DB8 /* icon-120.png */,
				90384C9E17E1A69900B52DB8 /* icon-144.png */,
				90384C9F17E1A69900B52DB8 /* icon-152.png */,
				90384CA017E1A69900B52DB8 /* icon-256.png */,
			);
			name = Icons;
			sourceTree = "<group>";
		};
		90384CB117E1A6B500B52DB8 /* Lauch screens */ = {
			isa = PBXGroup;
			children = (
				90384C8817E1A67000B52DB8 /* Default-Portrait@2x~ipad.png */,
				90384C8917E1A67000B52DB8 /* Default~iphone.png */,
				90384C8A17E1A67000B52DB8 /* Default-568h@2x.png */,
				90384C8B17E1A67000B52DB8 /* Default~ipad.png */,
				90384C8C17E1A67000B52DB8 /* Default.png */,
			);
			name = "Lauch screens";
			sourceTree = "<group>";
		};
		90583D2C17ECD41F0099F741 /* Categories */ = {
			isa = PBXGroup;
			children = (
				90583D2917ECD4110099F741 /* DDXMLElement+StringExtension.h */,
				90583D2A17ECD4110099F741 /* DDXMLElement+StringExtension.m */,
				3F631EAD171C354F003F9F4A /* NSData+Additions.h */,
				3F631EAE171C354F003F9F4A /* NSData+Additions.m */,
			);
			name = Categories;
			path = ..;
			sourceTree = "<group>";
		};
		905F0CD9171F4238007F4904 /* img */ = {
			isa = PBXGroup;
			children = (
				908C5B6A17ECFD75001EAF3D /* rate_bar */,
				909351D7173F7C060064E7B1 /* empty stars */,
				909351E1173F7E550064E7B1 /* half stars */,
				909351D8173F7C190064E7B1 /* full stars */,
			);
			name = img;
			sourceTree = "<group>";
		};
		905F0CDA171F424E007F4904 /* Objects */ = {
			isa = PBXGroup;
			children = (
				258533C61719EA1000CC9C77 /* RateView.h */,
				258533C71719EA1000CC9C77 /* RateView.m */,
				254A9967171B2567003CACF7 /* Reachability.h */,
				254A9968171B2567003CACF7 /* Reachability.m */,
				3F17F55016F7657100D60A03 /* DayManager.h */,
				3F17F55116F7657100D60A03 /* DayManager.m */,
				3FEC1C7616F75E8A002DA1F6 /* Day.h */,
				3FEC1C7716F75E8A002DA1F6 /* Day.m */,
				3FEC1C7116F75D37002DA1F6 /* Food.h */,
				3FEC1C7216F75D37002DA1F6 /* Food.m */,
			);
			name = Objects;
			sourceTree = "<group>";
		};
		905F0CDB171F427C007F4904 /* Sample xml */ = {
			isa = PBXGroup;
			children = (
				3F17F56816F76B8B00D60A03 /* foodlist.xml */,
				258533C11719BB1600CC9C77 /* out.xml */,
			);
			name = "Sample xml";
			sourceTree = "<group>";
		};
		908C5B6A17ECFD75001EAF3D /* rate_bar */ = {
			isa = PBXGroup;
			children = (
				908C5B5217ECFD6D001EAF3D /* rate_bar0@2x~ipad.png */,
				908C5B5317ECFD6D001EAF3D /* rate_bar0~ipad.png */,
				908C5B5417ECFD6D001EAF3D /* rate_bar1@2x~ipad.png */,
				908C5B5517ECFD6D001EAF3D /* rate_bar1~ipad.png */,
				908C5B5617ECFD6D001EAF3D /* rate_bar2@2x~ipad.png */,
				908C5B5717ECFD6D001EAF3D /* rate_bar2~ipad.png */,
				908C5B5817ECFD6D001EAF3D /* rate_bar3@2x~ipad.png */,
				908C5B5917ECFD6D001EAF3D /* rate_bar3~ipad.png */,
				908C5B5A17ECFD6D001EAF3D /* rate_bar4@2x~ipad.png */,
				908C5B5B17ECFD6D001EAF3D /* rate_bar4~ipad.png */,
				908C5B5C17ECFD6D001EAF3D /* rate_bar5@2x~ipad.png */,
				908C5B5D17ECFD6D001EAF3D /* rate_bar5~ipad.png */,
			);
			name = rate_bar;
			sourceTree = "<group>";
		};
		909351D7173F7C060064E7B1 /* empty stars */ = {
			isa = PBXGroup;
			children = (
				909351C7173F78350064E7B1 /* hvezdy_empty~iphone.png */,
				909351C6173F78350064E7B1 /* hvezdy_empty~ipad.png */,
				909351D3173F7BCA0064E7B1 /* hvezdy_empty@2x~iphone.png */,
				909351C5173F78350064E7B1 /* hvezdy_empty@2x~ipad.png */,
			);
			name = "empty stars";
			sourceTree = "<group>";
		};
		909351D8173F7C190064E7B1 /* full stars */ = {
			isa = PBXGroup;
			children = (
				909351CA173F78350064E7B1 /* hvezdy_full~iphone.png */,
				909351C9173F78350064E7B1 /* hvezdy_full~ipad.png */,
				909351D4173F7BCA0064E7B1 /* hvezdy_full@2x~iphone.png */,
				909351C8173F78350064E7B1 /* hvezdy_full@2x~ipad.png */,
			);
			name = "full stars";
			sourceTree = "<group>";
		};
		909351E1173F7E550064E7B1 /* half stars */ = {
			isa = PBXGroup;
			children = (
				909351DC173F7E4F0064E7B1 /* hvezdy_half~iphone.png */,
				909351DB173F7E4F0064E7B1 /* hvezdy_half~ipad.png */,
				909351DA173F7E4F0064E7B1 /* hvezdy_half@2x~iphone.png */,
				909351D9173F7E4F0064E7B1 /* hvezdy_half@2x~ipad.png */,
			);
			name = "half stars";
			sourceTree = "<group>";
		};
		90935225174010870064E7B1 /* CCPicker */ = {
			isa = PBXGroup;
			children = (
				90935226174010870064E7B1 /* CCPicker.h */,
				90935227174010870064E7B1 /* CCPicker.m */,
				90935228174010870064E7B1 /* CCScrollViewPicker.h */,
				90935229174010870064E7B1 /* CCScrollViewPicker.m */,
			);
			path = CCPicker;
			sourceTree = "<group>";
		};
/* End PBXGroup section */

/* Begin PBXNativeTarget section */
		3FEC1BF916F75770002DA1F6 /* Jidelnicek */ = {
			isa = PBXNativeTarget;
			buildConfigurationList = 3FEC1C2016F75771002DA1F6 /* Build configuration list for PBXNativeTarget "Jidelnicek" */;
			buildPhases = (
				3FEC1BF616F75770002DA1F6 /* Sources */,
				3FEC1BF716F75770002DA1F6 /* Frameworks */,
				3FEC1BF816F75770002DA1F6 /* Resources */,
			);
			buildRules = (
			);
			dependencies = (
			);
			name = Jidelnicek;
			productName = Jidelnicek;
			productReference = 3FEC1BFA16F75770002DA1F6 /* Jidelnicek.app */;
			productType = "com.apple.product-type.application";
		};
/* End PBXNativeTarget section */

/* Begin PBXProject section */
		3FEC1BF216F75770002DA1F6 /* Project object */ = {
			isa = PBXProject;
			attributes = {
				LastUpgradeCheck = 0500;
				ORGANIZATIONNAME = student;
				TargetAttributes = {
					3FEC1BF916F75770002DA1F6 = {
						DevelopmentTeam = CNVP9L397P;
					};
				};
			};
			buildConfigurationList = 3FEC1BF516F75770002DA1F6 /* Build configuration list for PBXProject "Jidelnicek" */;
			compatibilityVersion = "Xcode 3.2";
			developmentRegion = English;
			hasScannedForEncodings = 0;
			knownRegions = (
				en,
				English,
			);
			mainGroup = 3FEC1BF116F75770002DA1F6;
			productRefGroup = 3FEC1BFB16F75770002DA1F6 /* Products */;
			projectDirPath = "";
			projectRoot = "";
			targets = (
				3FEC1BF916F75770002DA1F6 /* Jidelnicek */,
			);
		};
/* End PBXProject section */

/* Begin PBXResourcesBuildPhase section */
		3FEC1BF816F75770002DA1F6 /* Resources */ = {
			isa = PBXResourcesBuildPhase;
			buildActionMask = 2147483647;
			files = (
				90384CA417E1A69900B52DB8 /* icon-57.png in Resources */,
				90384CA817E1A69900B52DB8 /* icon-76.png in Resources */,
				908C5B6117ECFD6D001EAF3D /* rate_bar1~ipad.png in Resources */,
				908C5B6817ECFD6D001EAF3D /* rate_bar5@2x~ipad.png in Resources */,
				3FEC1C0816F75770002DA1F6 /* InfoPlist.strings in Resources */,
				9018F23317CBE147009D89EB /* info-icon2.png in Resources */,
				90384C8F17E1A67000B52DB8 /* Default-568h@2x.png in Resources */,
				3F17F56916F76B8B00D60A03 /* foodlist.xml in Resources */,
				258533C21719BB1700CC9C77 /* out.xml in Resources */,
				908C5B6017ECFD6D001EAF3D /* rate_bar1@2x~ipad.png in Resources */,
				90384C9117E1A67000B52DB8 /* Default.png in Resources */,
				90384CA717E1A69900B52DB8 /* icon-72.png in Resources */,
				90384CAE17E1A69900B52DB8 /* icon-152.png in Resources */,
				9018F23417CBE147009D89EB /* info-icon2@2x.png in Resources */,
				90384C9017E1A67000B52DB8 /* Default~ipad.png in Resources */,
				90384CAD17E1A69900B52DB8 /* icon-144.png in Resources */,
				908C5B5F17ECFD6D001EAF3D /* rate_bar0~ipad.png in Resources */,
				909351CC173F78350064E7B1 /* hvezdy_empty@2x~ipad.png in Resources */,
				90384CAF17E1A69900B52DB8 /* icon-256.png in Resources */,
				909351CD173F78350064E7B1 /* hvezdy_empty~ipad.png in Resources */,
				909351CE173F78350064E7B1 /* hvezdy_empty~iphone.png in Resources */,
				90384CA317E1A69900B52DB8 /* icon-50.png in Resources */,
				908C5B5E17ECFD6D001EAF3D /* rate_bar0@2x~ipad.png in Resources */,
				909351CF173F78350064E7B1 /* hvezdy_full@2x~ipad.png in Resources */,
				90384CA617E1A69900B52DB8 /* icon-60.png in Resources */,
				90038E0117E1C9AC0007C5B0 /* arrow@2x.png in Resources */,
				909351D0173F78350064E7B1 /* hvezdy_full~ipad.png in Resources */,
				90384CAA17E1A69900B52DB8 /* icon-100.png in Resources */,
				90384CAB17E1A69900B52DB8 /* icon-114.png in Resources */,
				908C5B6217ECFD6D001EAF3D /* rate_bar2@2x~ipad.png in Resources */,
				90384CAC17E1A69900B52DB8 /* icon-120.png in Resources */,
				908C5B6917ECFD6D001EAF3D /* rate_bar5~ipad.png in Resources */,
				909351D1173F78350064E7B1 /* hvezdy_full~iphone.png in Resources */,
				90038E0017E1C9AC0007C5B0 /* arrow.png in Resources */,
				909351D5173F7BCA0064E7B1 /* hvezdy_empty@2x~iphone.png in Resources */,
				908C5B6417ECFD6D001EAF3D /* rate_bar3@2x~ipad.png in Resources */,
				909351D6173F7BCA0064E7B1 /* hvezdy_full@2x~iphone.png in Resources */,
				90384CA217E1A69900B52DB8 /* icon-48.png in Resources */,
				909351DD173F7E4F0064E7B1 /* hvezdy_half@2x~ipad.png in Resources */,
				90384CA917E1A69900B52DB8 /* icon-96.png in Resources */,
				90384C8E17E1A67000B52DB8 /* Default~iphone.png in Resources */,
				90384CA117E1A69900B52DB8 /* icon-29.png in Resources */,
				909351DE173F7E4F0064E7B1 /* hvezdy_half@2x~iphone.png in Resources */,
				908C5B6317ECFD6D001EAF3D /* rate_bar2~ipad.png in Resources */,
				90384C8D17E1A67000B52DB8 /* Default-Portrait@2x~ipad.png in Resources */,
				908C5B6517ECFD6D001EAF3D /* rate_bar3~ipad.png in Resources */,
				909351DF173F7E4F0064E7B1 /* hvezdy_half~ipad.png in Resources */,
				90384CA517E1A69900B52DB8 /* icon-58.png in Resources */,
				908C5B6617ECFD6D001EAF3D /* rate_bar4@2x~ipad.png in Resources */,
				908C5B6717ECFD6D001EAF3D /* rate_bar4~ipad.png in Resources */,
				90FC33E4177EDB38008334D4 /* MainStoryboard_iPad.storyboard in Resources */,
				90FC33E7177EE3B1008334D4 /* MainStoryboard_iPhone.storyboard in Resources */,
				909351E0173F7E4F0064E7B1 /* hvezdy_half~iphone.png in Resources */,
			);
			runOnlyForDeploymentPostprocessing = 0;
		};
/* End PBXResourcesBuildPhase section */

/* Begin PBXSourcesBuildPhase section */
		3FEC1BF616F75770002DA1F6 /* Sources */ = {
			isa = PBXSourcesBuildPhase;
			buildActionMask = 2147483647;
			files = (
				3FEC1C0A16F75770002DA1F6 /* main.m in Sources */,
				3FEC1C0E16F75770002DA1F6 /* AppDelegate.m in Sources */,
				3FEC1C7016F75B4A002DA1F6 /* ViewController.m in Sources */,
				3FEC1C7316F75D37002DA1F6 /* Food.m in Sources */,
				3FEC1C7816F75E8A002DA1F6 /* Day.m in Sources */,
				3F17F55216F7657100D60A03 /* DayManager.m in Sources */,
				3F17F56316F76B3D00D60A03 /* DDXMLElementAdditions.m in Sources */,
				90583D2B17ECD4110099F741 /* DDXMLElement+StringExtension.m in Sources */,
				3F17F56416F76B3D00D60A03 /* NSString+DDXML.m in Sources */,
				3F17F56516F76B3D00D60A03 /* DDXMLDocument.m in Sources */,
				3F17F56616F76B3D00D60A03 /* DDXMLElement.m in Sources */,
				3F17F56716F76B3D00D60A03 /* DDXMLNode.m in Sources */,
				258533C51719D6C600CC9C77 /* Cell.m in Sources */,
				908C5B5117ECF232001EAF3D /* rateBar.m in Sources */,
				258533C81719EA1000CC9C77 /* RateView.m in Sources */,
				258533CB1719F97C00CC9C77 /* RateViewController.m in Sources */,
				254A9969171B2567003CACF7 /* Reachability.m in Sources */,
				3F631EAF171C354F003F9F4A /* NSData+Additions.m in Sources */,
				3F2204B4171D6910008AD51B /* LoginViewController.m in Sources */,
				9093522A174010870064E7B1 /* CCPicker.m in Sources */,
				9093522B174010870064E7B1 /* CCScrollViewPicker.m in Sources */,
			);
			runOnlyForDeploymentPostprocessing = 0;
		};
/* End PBXSourcesBuildPhase section */

/* Begin PBXVariantGroup section */
		3FEC1C0616F75770002DA1F6 /* InfoPlist.strings */ = {
			isa = PBXVariantGroup;
			children = (
				3FEC1C0716F75770002DA1F6 /* en */,
			);
			name = InfoPlist.strings;
			sourceTree = "<group>";
		};
		90FC33E2177EDB38008334D4 /* MainStoryboard_iPad.storyboard */ = {
			isa = PBXVariantGroup;
			children = (
				90FC33E3177EDB38008334D4 /* en */,
			);
			name = MainStoryboard_iPad.storyboard;
			sourceTree = "<group>";
		};
		90FC33E5177EE3B1008334D4 /* MainStoryboard_iPhone.storyboard */ = {
			isa = PBXVariantGroup;
			children = (
				90FC33E6177EE3B1008334D4 /* en */,
			);
			name = MainStoryboard_iPhone.storyboard;
			sourceTree = "<group>";
		};
/* End PBXVariantGroup section */

/* Begin XCBuildConfiguration section */
		3FEC1C1E16F75771002DA1F6 /* Debug */ = {
			isa = XCBuildConfiguration;
			buildSettings = {
				ALWAYS_SEARCH_USER_PATHS = NO;
				CLANG_CXX_LANGUAGE_STANDARD = "gnu++0x";
				CLANG_CXX_LIBRARY = "libc++";
				CLANG_ENABLE_OBJC_ARC = YES;
				CLANG_WARN_CONSTANT_CONVERSION = YES;
				CLANG_WARN_EMPTY_BODY = YES;
				CLANG_WARN_ENUM_CONVERSION = YES;
				CLANG_WARN_INT_CONVERSION = YES;
				CLANG_WARN__DUPLICATE_METHOD_MATCH = YES;
				CODE_SIGN_IDENTITY = "iPhone Developer: Ales Kocur (TBTYT2T38R)";
				"CODE_SIGN_IDENTITY[sdk=iphoneos*]" = "iPhone Developer: Ales Kocur (TBTYT2T38R)";
				COPY_PHASE_STRIP = NO;
				GCC_C_LANGUAGE_STANDARD = gnu99;
				GCC_DYNAMIC_NO_PIC = NO;
				GCC_OPTIMIZATION_LEVEL = 0;
				GCC_PREPROCESSOR_DEFINITIONS = (
					"DEBUG=1",
					"$(inherited)",
				);
				GCC_SYMBOLS_PRIVATE_EXTERN = NO;
				GCC_WARN_ABOUT_RETURN_TYPE = YES;
				GCC_WARN_UNINITIALIZED_AUTOS = YES;
				GCC_WARN_UNUSED_VARIABLE = YES;
				IPHONEOS_DEPLOYMENT_TARGET = 6.0;
				ONLY_ACTIVE_ARCH = YES;
				PROVISIONING_PROFILE = "376DCE4C-6D42-422D-8F0B-367B0A0634F7";
				"PROVISIONING_PROFILE[sdk=iphoneos*]" = "376DCE4C-6D42-422D-8F0B-367B0A0634F7";
				SDKROOT = iphoneos;
				TARGETED_DEVICE_FAMILY = "1,2";
				VALIDATE_PRODUCT = NO;
			};
			name = Debug;
		};
		3FEC1C1F16F75771002DA1F6 /* Release */ = {
			isa = XCBuildConfiguration;
			buildSettings = {
				ALWAYS_SEARCH_USER_PATHS = NO;
				CLANG_CXX_LANGUAGE_STANDARD = "gnu++0x";
				CLANG_CXX_LIBRARY = "libc++";
				CLANG_ENABLE_OBJC_ARC = YES;
				CLANG_WARN_CONSTANT_CONVERSION = YES;
				CLANG_WARN_EMPTY_BODY = YES;
				CLANG_WARN_ENUM_CONVERSION = YES;
				CLANG_WARN_INT_CONVERSION = YES;
				CLANG_WARN__DUPLICATE_METHOD_MATCH = YES;
				CODE_SIGN_IDENTITY = "iPhone Developer: Ales Kocur (TBTYT2T38R)";
				"CODE_SIGN_IDENTITY[sdk=iphoneos*]" = "iPhone Developer: Ales Kocur (TBTYT2T38R)";
				COPY_PHASE_STRIP = YES;
				GCC_C_LANGUAGE_STANDARD = gnu99;
				GCC_PREPROCESSOR_DEFINITIONS = "";
				GCC_WARN_ABOUT_RETURN_TYPE = YES;
				GCC_WARN_UNINITIALIZED_AUTOS = YES;
				GCC_WARN_UNUSED_VARIABLE = YES;
				IPHONEOS_DEPLOYMENT_TARGET = 6.0;
				OTHER_CFLAGS = "-DNS_BLOCK_ASSERTIONS=1";
				PROVISIONING_PROFILE = "376DCE4C-6D42-422D-8F0B-367B0A0634F7";
				"PROVISIONING_PROFILE[sdk=iphoneos*]" = "376DCE4C-6D42-422D-8F0B-367B0A0634F7";
				SDKROOT = iphoneos;
				TARGETED_DEVICE_FAMILY = "1,2";
				VALIDATE_PRODUCT = YES;
			};
			name = Release;
		};
		3FEC1C2116F75771002DA1F6 /* Debug */ = {
			isa = XCBuildConfiguration;
			buildSettings = {
				CODE_SIGN_IDENTITY = "iPhone Developer";
				GCC_PRECOMPILE_PREFIX_HEADER = YES;
				GCC_PREFIX_HEADER = "Jidelnicek/Jidelnicek-Prefix.pch";
				HEADER_SEARCH_PATHS = /usr/include/libxml2;
				INFOPLIST_FILE = "Jidelnicek/Jidelnicek-Info.plist";
				IPHONEOS_DEPLOYMENT_TARGET = 6.0;
				PRODUCT_NAME = "$(TARGET_NAME)";
				TARGETED_DEVICE_FAMILY = "1,2";
				WRAPPER_EXTENSION = app;
			};
			name = Debug;
		};
		3FEC1C2216F75771002DA1F6 /* Release */ = {
			isa = XCBuildConfiguration;
			buildSettings = {
				CODE_SIGN_IDENTITY = "iPhone Developer";
				GCC_PRECOMPILE_PREFIX_HEADER = YES;
				GCC_PREFIX_HEADER = "Jidelnicek/Jidelnicek-Prefix.pch";
				HEADER_SEARCH_PATHS = /usr/include/libxml2;
				INFOPLIST_FILE = "Jidelnicek/Jidelnicek-Info.plist";
				IPHONEOS_DEPLOYMENT_TARGET = 6.0;
				PRODUCT_NAME = "$(TARGET_NAME)";
				"PROVISIONING_PROFILE[sdk=iphoneos*]" = "376DCE4C-6D42-422D-8F0B-367B0A0634F7";
				TARGETED_DEVICE_FAMILY = "1,2";
				VALIDATE_PRODUCT = NO;
				WRAPPER_EXTENSION = app;
			};
			name = Release;
		};
/* End XCBuildConfiguration section */

/* Begin XCConfigurationList section */
		3FEC1BF516F75770002DA1F6 /* Build configuration list for PBXProject "Jidelnicek" */ = {
			isa = XCConfigurationList;
			buildConfigurations = (
				3FEC1C1E16F75771002DA1F6 /* Debug */,
				3FEC1C1F16F75771002DA1F6 /* Release */,
			);
			defaultConfigurationIsVisible = 0;
			defaultConfigurationName = Release;
		};
		3FEC1C2016F75771002DA1F6 /* Build configuration list for PBXNativeTarget "Jidelnicek" */ = {
			isa = XCConfigurationList;
			buildConfigurations = (
				3FEC1C2116F75771002DA1F6 /* Debug */,
				3FEC1C2216F75771002DA1F6 /* Release */,
			);
			defaultConfigurationIsVisible = 0;
			defaultConfigurationName = Release;
		};
/* End XCConfigurationList section */
	};
	rootObject = 3FEC1BF216F75770002DA1F6 /* Project object */;
}
